// !$*UTF8*$!
{
	archiveVersion = 1;
	classes = {
	};
	objectVersion = 48;
	objects = {

/* Begin PBXBuildFile section */
		AB8085FD1F8BECB300460585 /* AppDelegate.swift in Sources */ = {isa = PBXBuildFile; fileRef = AB8085FC1F8BECB300460585 /* AppDelegate.swift */; };
		AB8086021F8BECB300460585 /* Main.storyboard in Resources */ = {isa = PBXBuildFile; fileRef = AB8086001F8BECB300460585 /* Main.storyboard */; };
		AB8086041F8BECB300460585 /* Assets.xcassets in Resources */ = {isa = PBXBuildFile; fileRef = AB8086031F8BECB300460585 /* Assets.xcassets */; };
		AB8086071F8BECB300460585 /* LaunchScreen.storyboard in Resources */ = {isa = PBXBuildFile; fileRef = AB8086051F8BECB300460585 /* LaunchScreen.storyboard */; };
		AB80863E1F8D283200460585 /* Review.swift in Sources */ = {isa = PBXBuildFile; fileRef = AB80863D1F8D283200460585 /* Review.swift */; };
		AB8086421F8D2A2F00460585 /* CloudKit.framework in Frameworks */ = {isa = PBXBuildFile; fileRef = AB8086411F8D2A2F00460585 /* CloudKit.framework */; };
/* End PBXBuildFile section */

/* Begin PBXFileReference section */
		AB8085F91F8BECB300460585 /* Foodiez.app */ = {isa = PBXFileReference; explicitFileType = wrapper.application; includeInIndex = 0; path = Foodiez.app; sourceTree = BUILT_PRODUCTS_DIR; };
		AB8085FC1F8BECB300460585 /* AppDelegate.swift */ = {isa = PBXFileReference; lastKnownFileType = sourcecode.swift; path = AppDelegate.swift; sourceTree = "<group>"; };
		AB8086011F8BECB300460585 /* Base */ = {isa = PBXFileReference; lastKnownFileType = file.storyboard; name = Base; path = Base.lproj/Main.storyboard; sourceTree = "<group>"; };
		AB8086031F8BECB300460585 /* Assets.xcassets */ = {isa = PBXFileReference; lastKnownFileType = folder.assetcatalog; path = Assets.xcassets; sourceTree = "<group>"; };
		AB8086061F8BECB300460585 /* Base */ = {isa = PBXFileReference; lastKnownFileType = file.storyboard; name = Base; path = Base.lproj/LaunchScreen.storyboard; sourceTree = "<group>"; };
		AB8086081F8BECB300460585 /* Info.plist */ = {isa = PBXFileReference; lastKnownFileType = text.plist.xml; path = Info.plist; sourceTree = "<group>"; };
		AB80863D1F8D283200460585 /* Review.swift */ = {isa = PBXFileReference; lastKnownFileType = sourcecode.swift; path = Review.swift; sourceTree = "<group>"; };
		AB80863F1F8D2A2B00460585 /* Foodiez.entitlements */ = {isa = PBXFileReference; lastKnownFileType = text.plist.entitlements; path = Foodiez.entitlements; sourceTree = "<group>"; };
		AB8086411F8D2A2F00460585 /* CloudKit.framework */ = {isa = PBXFileReference; lastKnownFileType = wrapper.framework; name = CloudKit.framework; path = System/Library/Frameworks/CloudKit.framework; sourceTree = SDKROOT; };
/* End PBXFileReference section */

/* Begin PBXFrameworksBuildPhase section */
		AB8085F61F8BECB300460585 /* Frameworks */ = {
			isa = PBXFrameworksBuildPhase;
			buildActionMask = 2147483647;
			files = (
				AB8086421F8D2A2F00460585 /* CloudKit.framework in Frameworks */,
			);
			runOnlyForDeploymentPostprocessing = 0;
		};
/* End PBXFrameworksBuildPhase section */

/* Begin PBXGroup section */
		AB8085F01F8BECB300460585 = {
			isa = PBXGroup;
			children = (
				AB8085FB1F8BECB300460585 /* Foodiez */,
				AB8085FA1F8BECB300460585 /* Products */,
				AB8086401F8D2A2F00460585 /* Frameworks */,
			);
			sourceTree = "<group>";
		};
		AB8085FA1F8BECB300460585 /* Products */ = {
			isa = PBXGroup;
			children = (
				AB8085F91F8BECB300460585 /* Foodiez.app */,
			);
			name = Products;
			sourceTree = "<group>";
		};
		AB8085FB1F8BECB300460585 /* Foodiez */ = {
			isa = PBXGroup;
			children = (
				AB80863F1F8D2A2B00460585 /* Foodiez.entitlements */,
				AB8085FC1F8BECB300460585 /* AppDelegate.swift */,
				AB80863C1F8D27F500460585 /* Models */,
				AB80863B1F8D27E500460585 /* Storyboards */,
				AB80863A1F8D27B700460585 /* Resources */,
			);
			path = Foodiez;
			sourceTree = "<group>";
		};
		AB80863A1F8D27B700460585 /* Resources */ = {
			isa = PBXGroup;
			children = (
				AB8086081F8BECB300460585 /* Info.plist */,
				AB8086031F8BECB300460585 /* Assets.xcassets */,
			);
			path = Resources;
			sourceTree = "<group>";
		};
		AB80863B1F8D27E500460585 /* Storyboards */ = {
			isa = PBXGroup;
			children = (
				AB8086051F8BECB300460585 /* LaunchScreen.storyboard */,
				AB8086001F8BECB300460585 /* Main.storyboard */,
			);
			path = Storyboards;
			sourceTree = "<group>";
		};
		AB80863C1F8D27F500460585 /* Models */ = {
			isa = PBXGroup;
			children = (
				AB80863D1F8D283200460585 /* Review.swift */,
			);
			path = Models;
			sourceTree = "<group>";
		};
		AB8086401F8D2A2F00460585 /* Frameworks */ = {
			isa = PBXGroup;
			children = (
				AB8086411F8D2A2F00460585 /* CloudKit.framework */,
			);
			name = Frameworks;
			sourceTree = "<group>";
		};
/* End PBXGroup section */

/* Begin PBXNativeTarget section */
		AB8085F81F8BECB300460585 /* Foodiez */ = {
			isa = PBXNativeTarget;
			buildConfigurationList = AB80860B1F8BECB300460585 /* Build configuration list for PBXNativeTarget "Foodiez" */;
			buildPhases = (
				AB8085F51F8BECB300460585 /* Sources */,
				AB8085F61F8BECB300460585 /* Frameworks */,
				AB8085F71F8BECB300460585 /* Resources */,
			);
			buildRules = (
			);
			dependencies = (
			);
			name = Foodiez;
			productName = Foodiez;
			productReference = AB8085F91F8BECB300460585 /* Foodiez.app */;
			productType = "com.apple.product-type.application";
		};
/* End PBXNativeTarget section */

/* Begin PBXProject section */
		AB8085F11F8BECB300460585 /* Project object */ = {
			isa = PBXProject;
			attributes = {
				LastSwiftUpdateCheck = 0900;
				LastUpgradeCheck = 0900;
				ORGANIZATIONNAME = "jonathan orellana";
				TargetAttributes = {
					AB8085F81F8BECB300460585 = {
						CreatedOnToolsVersion = 9.0;
						ProvisioningStyle = Automatic;
						SystemCapabilities = {
							com.apple.Push = {
								enabled = 1;
							};
							com.apple.iCloud = {
								enabled = 1;
							};
						};
					};
				};
			};
			buildConfigurationList = AB8085F41F8BECB300460585 /* Build configuration list for PBXProject "Foodiez" */;
			compatibilityVersion = "Xcode 8.0";
			developmentRegion = en;
			hasScannedForEncodings = 0;
			knownRegions = (
				en,
				Base,
			);
			mainGroup = AB8085F01F8BECB300460585;
			productRefGroup = AB8085FA1F8BECB300460585 /* Products */;
			projectDirPath = "";
			projectRoot = "";
			targets = (
				AB8085F81F8BECB300460585 /* Foodiez */,
			);
		};
/* End PBXProject section */

/* Begin PBXResourcesBuildPhase section */
		AB8085F71F8BECB300460585 /* Resources */ = {
			isa = PBXResourcesBuildPhase;
			buildActionMask = 2147483647;
			files = (
				AB8086071F8BECB300460585 /* LaunchScreen.storyboard in Resources */,
				AB8086041F8BECB300460585 /* Assets.xcassets in Resources */,
				AB8086021F8BECB300460585 /* Main.storyboard in Resources */,
			);
			runOnlyForDeploymentPostprocessing = 0;
		};
/* End PBXResourcesBuildPhase section */

/* Begin PBXSourcesBuildPhase section */
		AB8085F51F8BECB300460585 /* Sources */ = {
			isa = PBXSourcesBuildPhase;
			buildActionMask = 2147483647;
			files = (
				AB8085FD1F8BECB300460585 /* AppDelegate.swift in Sources */,
				AB80863E1F8D283200460585 /* Review.swift in Sources */,
			);
			runOnlyForDeploymentPostprocessing = 0;
		};
/* End PBXSourcesBuildPhase section */

/* Begin PBXVariantGroup section */
		AB8086001F8BECB300460585 /* Main.storyboard */ = {
			isa = PBXVariantGroup;
			children = (
				AB8086011F8BECB300460585 /* Base */,
			);
			name = Main.storyboard;
			sourceTree = "<group>";
		};
		AB8086051F8BECB300460585 /* LaunchScreen.storyboard */ = {
			isa = PBXVariantGroup;
			children = (
				AB8086061F8BECB300460585 /* Base */,
			);
			name = LaunchScreen.storyboard;
			sourceTree = "<group>";
		};
/* End PBXVariantGroup section */

/* Begin XCBuildConfiguration section */
		AB8086091F8BECB300460585 /* Debug */ = {
			isa = XCBuildConfiguration;
			buildSettings = {
				ALWAYS_SEARCH_USER_PATHS = NO;
				CLANG_ANALYZER_NONNULL = YES;
				CLANG_ANALYZER_NUMBER_OBJECT_CONVERSION = YES_AGGRESSIVE;
				CLANG_CXX_LANGUAGE_STANDARD = "gnu++14";
				CLANG_CXX_LIBRARY = "libc++";
				CLANG_ENABLE_MODULES = YES;
				CLANG_ENABLE_OBJC_ARC = YES;
				CLANG_WARN_BLOCK_CAPTURE_AUTORELEASING = YES;
				CLANG_WARN_BOOL_CONVERSION = YES;
				CLANG_WARN_COMMA = YES;
				CLANG_WARN_CONSTANT_CONVERSION = YES;
				CLANG_WARN_DIRECT_OBJC_ISA_USAGE = YES_ERROR;
				CLANG_WARN_DOCUMENTATION_COMMENTS = YES;
				CLANG_WARN_EMPTY_BODY = YES;
				CLANG_WARN_ENUM_CONVERSION = YES;
				CLANG_WARN_INFINITE_RECURSION = YES;
				CLANG_WARN_INT_CONVERSION = YES;
				CLANG_WARN_NON_LITERAL_NULL_CONVERSION = YES;
				CLANG_WARN_OBJC_LITERAL_CONVERSION = YES;
				CLANG_WARN_OBJC_ROOT_CLASS = YES_ERROR;
				CLANG_WARN_RANGE_LOOP_ANALYSIS = YES;
				CLANG_WARN_STRICT_PROTOTYPES = YES;
				CLANG_WARN_SUSPICIOUS_MOVE = YES;
				CLANG_WARN_UNGUARDED_AVAILABILITY = YES_AGGRESSIVE;
				CLANG_WARN_UNREACHABLE_CODE = YES;
				CLANG_WARN__DUPLICATE_METHOD_MATCH = YES;
				CODE_SIGN_IDENTITY = "iPhone Developer";
				COPY_PHASE_STRIP = NO;
				DEBUG_INFORMATION_FORMAT = dwarf;
				ENABLE_STRICT_OBJC_MSGSEND = YES;
				ENABLE_TESTABILITY = YES;
				GCC_C_LANGUAGE_STANDARD = gnu11;
				GCC_DYNAMIC_NO_PIC = NO;
				GCC_NO_COMMON_BLOCKS = YES;
				GCC_OPTIMIZATION_LEVEL = 0;
				GCC_PREPROCESSOR_DEFINITIONS = (
					"DEBUG=1",
					"$(inherited)",
				);
				GCC_WARN_64_TO_32_BIT_CONVERSION = YES;
				GCC_WARN_ABOUT_RETURN_TYPE = YES_ERROR;
				GCC_WARN_UNDECLARED_SELECTOR = YES;
				GCC_WARN_UNINITIALIZED_AUTOS = YES_AGGRESSIVE;
				GCC_WARN_UNUSED_FUNCTION = YES;
				GCC_WARN_UNUSED_VARIABLE = YES;
				IPHONEOS_DEPLOYMENT_TARGET = 11.0;
				MTL_ENABLE_DEBUG_INFO = YES;
				ONLY_ACTIVE_ARCH = YES;
				SDKROOT = iphoneos;
				SWIFT_ACTIVE_COMPILATION_CONDITIONS = DEBUG;
				SWIFT_OPTIMIZATION_LEVEL = "-Onone";
			};
			name = Debug;
		};
		AB80860A1F8BECB300460585 /* Release */ = {
			isa = XCBuildConfiguration;
			buildSettings = {
				ALWAYS_SEARCH_USER_PATHS = NO;
				CLANG_ANALYZER_NONNULL = YES;
				CLANG_ANALYZER_NUMBER_OBJECT_CONVERSION = YES_AGGRESSIVE;
				CLANG_CXX_LANGUAGE_STANDARD = "gnu++14";
				CLANG_CXX_LIBRARY = "libc++";
				CLANG_ENABLE_MODULES = YES;
				CLANG_ENABLE_OBJC_ARC = YES;
				CLANG_WARN_BLOCK_CAPTURE_AUTORELEASING = YES;
				CLANG_WARN_BOOL_CONVERSION = YES;
				CLANG_WARN_COMMA = YES;
				CLANG_WARN_CONSTANT_CONVERSION = YES;
				CLANG_WARN_DIRECT_OBJC_ISA_USAGE = YES_ERROR;
				CLANG_WARN_DOCUMENTATION_COMMENTS = YES;
				CLANG_WARN_EMPTY_BODY = YES;
				CLANG_WARN_ENUM_CONVERSION = YES;
				CLANG_WARN_INFINITE_RECURSION = YES;
				CLANG_WARN_INT_CONVERSION = YES;
				CLANG_WARN_NON_LITERAL_NULL_CONVERSION = YES;
				CLANG_WARN_OBJC_LITERAL_CONVERSION = YES;
				CLANG_WARN_OBJC_ROOT_CLASS = YES_ERROR;
				CLANG_WARN_RANGE_LOOP_ANALYSIS = YES;
				CLANG_WARN_STRICT_PROTOTYPES = YES;
				CLANG_WARN_SUSPICIOUS_MOVE = YES;
				CLANG_WARN_UNGUARDED_AVAILABILITY = YES_AGGRESSIVE;
				CLANG_WARN_UNREACHABLE_CODE = YES;
				CLANG_WARN__DUPLICATE_METHOD_MATCH = YES;
				CODE_SIGN_IDENTITY = "iPhone Developer";
				COPY_PHASE_STRIP = NO;
				DEBUG_INFORMATION_FORMAT = "dwarf-with-dsym";
				ENABLE_NS_ASSERTIONS = NO;
				ENABLE_STRICT_OBJC_MSGSEND = YES;
				GCC_C_LANGUAGE_STANDARD = gnu11;
				GCC_NO_COMMON_BLOCKS = YES;
				GCC_WARN_64_TO_32_BIT_CONVERSION = YES;
				GCC_WARN_ABOUT_RETURN_TYPE = YES_ERROR;
				GCC_WARN_UNDECLARED_SELECTOR = YES;
				GCC_WARN_UNINITIALIZED_AUTOS = YES_AGGRESSIVE;
				GCC_WARN_UNUSED_FUNCTION = YES;
				GCC_WARN_UNUSED_VARIABLE = YES;
				IPHONEOS_DEPLOYMENT_TARGET = 11.0;
				MTL_ENABLE_DEBUG_INFO = NO;
				SDKROOT = iphoneos;
				SWIFT_OPTIMIZATION_LEVEL = "-Owholemodule";
				VALIDATE_PRODUCT = YES;
			};
			name = Release;
		};
		AB80860C1F8BECB300460585 /* Debug */ = {
			isa = XCBuildConfiguration;
			buildSettings = {
				ASSETCATALOG_COMPILER_APPICON_NAME = AppIcon;
				CODE_SIGN_ENTITLEMENTS = Foodiez/Foodiez.entitlements;
				CODE_SIGN_STYLE = Automatic;
				DEVELOPMENT_TEAM = FAFF4GC6NK;
				INFOPLIST_FILE = "$(SRCROOT)/Resources/Info.plist";
				LD_RUNPATH_SEARCH_PATHS = "$(inherited) @executable_path/Frameworks";
				PRODUCT_BUNDLE_IDENTIFIER = jonny.Foodiez;
				PRODUCT_NAME = "$(TARGET_NAME)";
				SWIFT_VERSION = 4.0;
				TARGETED_DEVICE_FAMILY = "1,2";
			};
			name = Debug;
		};
		AB80860D1F8BECB300460585 /* Release */ = {
			isa = XCBuildConfiguration;
			buildSettings = {
				ASSETCATALOG_COMPILER_APPICON_NAME = AppIcon;
				CODE_SIGN_ENTITLEMENTS = Foodiez/Foodiez.entitlements;
				CODE_SIGN_STYLE = Automatic;
				DEVELOPMENT_TEAM = FAFF4GC6NK;
				INFOPLIST_FILE = "$(SRCROOT)/Resources/Info.plist";
				LD_RUNPATH_SEARCH_PATHS = "$(inherited) @executable_path/Frameworks";
				PRODUCT_BUNDLE_IDENTIFIER = jonny.Foodiez;
				PRODUCT_NAME = "$(TARGET_NAME)";
				SWIFT_VERSION = 4.0;
				TARGETED_DEVICE_FAMILY = "1,2";
			};
			name = Release;
		};
/* End XCBuildConfiguration section */

/* Begin XCConfigurationList section */
		AB8085F41F8BECB300460585 /* Build configuration list for PBXProject "Foodiez" */ = {
			isa = XCConfigurationList;
			buildConfigurations = (
				AB8086091F8BECB300460585 /* Debug */,
				AB80860A1F8BECB300460585 /* Release */,
			);
			defaultConfigurationIsVisible = 0;
			defaultConfigurationName = Release;
		};
		AB80860B1F8BECB300460585 /* Build configuration list for PBXNativeTarget "Foodiez" */ = {
			isa = XCConfigurationList;
			buildConfigurations = (
				AB80860C1F8BECB300460585 /* Debug */,
				AB80860D1F8BECB300460585 /* Release */,
			);
			defaultConfigurationIsVisible = 0;
			defaultConfigurationName = Release;
		};
/* End XCConfigurationList section */
	};
	rootObject = AB8085F11F8BECB300460585 /* Project object */;
}
